
Microsoft Visual Studio Solution File, Format Version 12.00
# Visual Studio Version 17
VisualStudioVersion = 17.14.36203.30 d17.14
MinimumVisualStudioVersion = 10.0.40219.1
Project("{FAE04EC0-301F-11D3-BF4B-00C04F79EFBC}") = "redirect", "redirect\redirect.csproj", "{C0F96BDF-A4D8-4774-A6F2-73E55D217E5E}"
EndProject
Global
	GlobalSection(SolutionConfigurationPlatforms) = preSolution
		Debug|Any CPU = Debug|Any CPU
		Release|Any CPU = Release|Any CPU
	EndGlobalSection
	GlobalSection(ProjectConfigurationPlatforms) = postSolution
		{C0F96BDF-A4D8-4774-A6F2-73E55D217E5E}.Debug|Any CPU.ActiveCfg = Debug|Any CPU
		{C0F96BDF-A4D8-4774-A6F2-73E55D217E5E}.Debug|Any CPU.Build.0 = Debug|Any CPU
		{C0F96BDF-A4D8-4774-A6F2-73E55D217E5E}.Release|Any CPU.ActiveCfg = Release|Any CPU
		{C0F96BDF-A4D8-4774-A6F2-73E55D217E5E}.Release|Any CPU.Build.0 = Release|Any CPU
	EndGlobalSection
	GlobalSection(SolutionProperties) = preSolution
		HideSolutionNode = FALSE
	EndGlobalSection
	GlobalSection(ExtensibilityGlobals) = postSolution
		SolutionGuid = {192951CF-73A9-4E51-BDEF-4ADBB465A60C}
	EndGlobalSection
EndGlobal
